// !$*UTF8*$!
{
	archiveVersion = 1;
	classes = {
	};
	objectVersion = 56;
	objects = {

/* Begin PBXBuildFile section */
		C7553D542B5504A80046E77E /* empHomeViewController.swift in Sources */ = {isa = PBXBuildFile; fileRef = C7553D532B5504A80046E77E /* empHomeViewController.swift */; };
		C7BAED8E2B51127500D32A30 /* AppDelegate.swift in Sources */ = {isa = PBXBuildFile; fileRef = C7BAED8D2B51127500D32A30 /* AppDelegate.swift */; };
		C7BAED902B51127500D32A30 /* SceneDelegate.swift in Sources */ = {isa = PBXBuildFile; fileRef = C7BAED8F2B51127500D32A30 /* SceneDelegate.swift */; };
		C7BAED922B51127500D32A30 /* ViewController.swift in Sources */ = {isa = PBXBuildFile; fileRef = C7BAED912B51127500D32A30 /* ViewController.swift */; };
		C7BAED952B51127500D32A30 /* Main.storyboard in Resources */ = {isa = PBXBuildFile; fileRef = C7BAED932B51127500D32A30 /* Main.storyboard */; };
		C7BAED972B51127800D32A30 /* Assets.xcassets in Resources */ = {isa = PBXBuildFile; fileRef = C7BAED962B51127800D32A30 /* Assets.xcassets */; };
		C7BAED9A2B51127800D32A30 /* LaunchScreen.storyboard in Resources */ = {isa = PBXBuildFile; fileRef = C7BAED982B51127800D32A30 /* LaunchScreen.storyboard */; };
		C7BAEDA52B51127900D32A30 /* testTests.swift in Sources */ = {isa = PBXBuildFile; fileRef = C7BAEDA42B51127900D32A30 /* testTests.swift */; };
		C7BAEDAF2B51127900D32A30 /* testUITests.swift in Sources */ = {isa = PBXBuildFile; fileRef = C7BAEDAE2B51127900D32A30 /* testUITests.swift */; };
		C7BAEDB12B51127900D32A30 /* testUITestsLaunchTests.swift in Sources */ = {isa = PBXBuildFile; fileRef = C7BAEDB02B51127900D32A30 /* testUITestsLaunchTests.swift */; };
/* End PBXBuildFile section */

/* Begin PBXContainerItemProxy section */
		C7BAEDA12B51127900D32A30 /* PBXContainerItemProxy */ = {
			isa = PBXContainerItemProxy;
			containerPortal = C7BAED822B51127500D32A30 /* Project object */;
			proxyType = 1;
			remoteGlobalIDString = C7BAED892B51127500D32A30;
			remoteInfo = test;
		};
		C7BAEDAB2B51127900D32A30 /* PBXContainerItemProxy */ = {
			isa = PBXContainerItemProxy;
			containerPortal = C7BAED822B51127500D32A30 /* Project object */;
			proxyType = 1;
			remoteGlobalIDString = C7BAED892B51127500D32A30;
			remoteInfo = test;
		};
/* End PBXContainerItemProxy section */

/* Begin PBXFileReference section */
		C7553D532B5504A80046E77E /* empHomeViewController.swift */ = {isa = PBXFileReference; lastKnownFileType = sourcecode.swift; path = empHomeViewController.swift; sourceTree = "<group>"; };
		C7BAED8A2B51127500D32A30 /* test.app */ = {isa = PBXFileReference; explicitFileType = wrapper.application; includeInIndex = 0; path = test.app; sourceTree = BUILT_PRODUCTS_DIR; };
		C7BAED8D2B51127500D32A30 /* AppDelegate.swift */ = {isa = PBXFileReference; lastKnownFileType = sourcecode.swift; path = AppDelegate.swift; sourceTree = "<group>"; };
		C7BAED8F2B51127500D32A30 /* SceneDelegate.swift */ = {isa = PBXFileReference; lastKnownFileType = sourcecode.swift; path = SceneDelegate.swift; sourceTree = "<group>"; };
		C7BAED912B51127500D32A30 /* ViewController.swift */ = {isa = PBXFileReference; lastKnownFileType = sourcecode.swift; path = ViewController.swift; sourceTree = "<group>"; };
		C7BAED942B51127500D32A30 /* Base */ = {isa = PBXFileReference; lastKnownFileType = file.storyboard; name = Base; path = Base.lproj/Main.storyboard; sourceTree = "<group>"; };
		C7BAED962B51127800D32A30 /* Assets.xcassets */ = {isa = PBXFileReference; lastKnownFileType = folder.assetcatalog; path = Assets.xcassets; sourceTree = "<group>"; };
		C7BAED992B51127800D32A30 /* Base */ = {isa = PBXFileReference; lastKnownFileType = file.storyboard; name = Base; path = Base.lproj/LaunchScreen.storyboard; sourceTree = "<group>"; };
		C7BAED9B2B51127800D32A30 /* Info.plist */ = {isa = PBXFileReference; lastKnownFileType = text.plist.xml; path = Info.plist; sourceTree = "<group>"; };
		C7BAEDA02B51127900D32A30 /* testTests.xctest */ = {isa = PBXFileReference; explicitFileType = wrapper.cfbundle; includeInIndex = 0; path = testTests.xctest; sourceTree = BUILT_PRODUCTS_DIR; };
		C7BAEDA42B51127900D32A30 /* testTests.swift */ = {isa = PBXFileReference; lastKnownFileType = sourcecode.swift; path = testTests.swift; sourceTree = "<group>"; };
		C7BAEDAA2B51127900D32A30 /* testUITests.xctest */ = {isa = PBXFileReference; explicitFileType = wrapper.cfbundle; includeInIndex = 0; path = testUITests.xctest; sourceTree = BUILT_PRODUCTS_DIR; };
		C7BAEDAE2B51127900D32A30 /* testUITests.swift */ = {isa = PBXFileReference; lastKnownFileType = sourcecode.swift; path = testUITests.swift; sourceTree = "<group>"; };
		C7BAEDB02B51127900D32A30 /* testUITestsLaunchTests.swift */ = {isa = PBXFileReference; lastKnownFileType = sourcecode.swift; path = testUITestsLaunchTests.swift; sourceTree = "<group>"; };
/* End PBXFileReference section */

/* Begin PBXFrameworksBuildPhase section */
		C7BAED872B51127500D32A30 /* Frameworks */ = {
			isa = PBXFrameworksBuildPhase;
			buildActionMask = 2147483647;
			files = (
			);
			runOnlyForDeploymentPostprocessing = 0;
		};
		C7BAED9D2B51127900D32A30 /* Frameworks */ = {
			isa = PBXFrameworksBuildPhase;
			buildActionMask = 2147483647;
			files = (
			);
			runOnlyForDeploymentPostprocessing = 0;
		};
		C7BAEDA72B51127900D32A30 /* Frameworks */ = {
			isa = PBXFrameworksBuildPhase;
			buildActionMask = 2147483647;
			files = (
			);
			runOnlyForDeploymentPostprocessing = 0;
		};
/* End PBXFrameworksBuildPhase section */

/* Begin PBXGroup section */
		C7BAED812B51127500D32A30 = {
			isa = PBXGroup;
			children = (
				C7BAED8C2B51127500D32A30 /* test */,
				C7BAEDA32B51127900D32A30 /* testTests */,
				C7BAEDAD2B51127900D32A30 /* testUITests */,
				C7BAED8B2B51127500D32A30 /* Products */,
			);
			sourceTree = "<group>";
		};
		C7BAED8B2B51127500D32A30 /* Products */ = {
			isa = PBXGroup;
			children = (
				C7BAED8A2B51127500D32A30 /* test.app */,
				C7BAEDA02B51127900D32A30 /* testTests.xctest */,
				C7BAEDAA2B51127900D32A30 /* testUITests.xctest */,
			);
			name = Products;
			sourceTree = "<group>";
		};
		C7BAED8C2B51127500D32A30 /* test */ = {
			isa = PBXGroup;
			children = (
				C7BAED8D2B51127500D32A30 /* AppDelegate.swift */,
				C7BAED8F2B51127500D32A30 /* SceneDelegate.swift */,
				C7BAED912B51127500D32A30 /* ViewController.swift */,
				C7553D532B5504A80046E77E /* empHomeViewController.swift */,
				C7BAED932B51127500D32A30 /* Main.storyboard */,
				C7BAED962B51127800D32A30 /* Assets.xcassets */,
				C7BAED982B51127800D32A30 /* LaunchScreen.storyboard */,
				C7BAED9B2B51127800D32A30 /* Info.plist */,
			);
			path = test;
			sourceTree = "<group>";
		};
		C7BAEDA32B51127900D32A30 /* testTests */ = {
			isa = PBXGroup;
			children = (
				C7BAEDA42B51127900D32A30 /* testTests.swift */,
			);
			path = testTests;
			sourceTree = "<group>";
		};
		C7BAEDAD2B51127900D32A30 /* testUITests */ = {
			isa = PBXGroup;
			children = (
				C7BAEDAE2B51127900D32A30 /* testUITests.swift */,
				C7BAEDB02B51127900D32A30 /* testUITestsLaunchTests.swift */,
			);
			path = testUITests;
			sourceTree = "<group>";
		};
/* End PBXGroup section */

/* Begin PBXNativeTarget section */
		C7BAED892B51127500D32A30 /* test */ = {
			isa = PBXNativeTarget;
			buildConfigurationList = C7BAEDB42B51127900D32A30 /* Build configuration list for PBXNativeTarget "test" */;
			buildPhases = (
				C7BAED862B51127500D32A30 /* Sources */,
				C7BAED872B51127500D32A30 /* Frameworks */,
				C7BAED882B51127500D32A30 /* Resources */,
			);
			buildRules = (
			);
			dependencies = (
			);
			name = test;
			productName = test;
			productReference = C7BAED8A2B51127500D32A30 /* test.app */;
			productType = "com.apple.product-type.application";
		};
		C7BAED9F2B51127900D32A30 /* testTests */ = {
			isa = PBXNativeTarget;
			buildConfigurationList = C7BAEDB72B51127900D32A30 /* Build configuration list for PBXNativeTarget "testTests" */;
			buildPhases = (
				C7BAED9C2B51127900D32A30 /* Sources */,
				C7BAED9D2B51127900D32A30 /* Frameworks */,
				C7BAED9E2B51127900D32A30 /* Resources */,
			);
			buildRules = (
			);
			dependencies = (
				C7BAEDA22B51127900D32A30 /* PBXTargetDependency */,
			);
			name = testTests;
			productName = testTests;
			productReference = C7BAEDA02B51127900D32A30 /* testTests.xctest */;
			productType = "com.apple.product-type.bundle.unit-test";
		};
		C7BAEDA92B51127900D32A30 /* testUITests */ = {
			isa = PBXNativeTarget;
			buildConfigurationList = C7BAEDBA2B51127900D32A30 /* Build configuration list for PBXNativeTarget "testUITests" */;
			buildPhases = (
				C7BAEDA62B51127900D32A30 /* Sources */,
				C7BAEDA72B51127900D32A30 /* Frameworks */,
				C7BAEDA82B51127900D32A30 /* Resources */,
			);
			buildRules = (
			);
			dependencies = (
				C7BAEDAC2B51127900D32A30 /* PBXTargetDependency */,
			);
			name = testUITests;
			productName = testUITests;
			productReference = C7BAEDAA2B51127900D32A30 /* testUITests.xctest */;
			productType = "com.apple.product-type.bundle.ui-testing";
		};
/* End PBXNativeTarget section */

/* Begin PBXProject section */
		C7BAED822B51127500D32A30 /* Project object */ = {
			isa = PBXProject;
			attributes = {
				BuildIndependentTargetsInParallel = 1;
				LastSwiftUpdateCheck = 1420;
				LastUpgradeCheck = 1420;
				TargetAttributes = {
					C7BAED892B51127500D32A30 = {
						CreatedOnToolsVersion = 14.2;
					};
					C7BAED9F2B51127900D32A30 = {
						CreatedOnToolsVersion = 14.2;
						TestTargetID = C7BAED892B51127500D32A30;
					};
					C7BAEDA92B51127900D32A30 = {
						CreatedOnToolsVersion = 14.2;
						TestTargetID = C7BAED892B51127500D32A30;
					};
				};
			};
			buildConfigurationList = C7BAED852B51127500D32A30 /* Build configuration list for PBXProject "test" */;
			compatibilityVersion = "Xcode 14.0";
			developmentRegion = en;
			hasScannedForEncodings = 0;
			knownRegions = (
				en,
				Base,
			);
			mainGroup = C7BAED812B51127500D32A30;
			productRefGroup = C7BAED8B2B51127500D32A30 /* Products */;
			projectDirPath = "";
			projectRoot = "";
			targets = (
				C7BAED892B51127500D32A30 /* test */,
				C7BAED9F2B51127900D32A30 /* testTests */,
				C7BAEDA92B51127900D32A30 /* testUITests */,
			);
		};
/* End PBXProject section */

/* Begin PBXResourcesBuildPhase section */
		C7BAED882B51127500D32A30 /* Resources */ = {
			isa = PBXResourcesBuildPhase;
			buildActionMask = 2147483647;
			files = (
				C7BAED9A2B51127800D32A30 /* LaunchScreen.storyboard in Resources */,
				C7BAED972B51127800D32A30 /* Assets.xcassets in Resources */,
				C7BAED952B51127500D32A30 /* Main.storyboard in Resources */,
			);
			runOnlyForDeploymentPostprocessing = 0;
		};
		C7BAED9E2B51127900D32A30 /* Resources */ = {
			isa = PBXResourcesBuildPhase;
			buildActionMask = 2147483647;
			files = (
			);
			runOnlyForDeploymentPostprocessing = 0;
		};
		C7BAEDA82B51127900D32A30 /* Resources */ = {
			isa = PBXResourcesBuildPhase;
			buildActionMask = 2147483647;
			files = (
			);
			runOnlyForDeploymentPostprocessing = 0;
		};
/* End PBXResourcesBuildPhase section */

/* Begin PBXSourcesBuildPhase section */
		C7BAED862B51127500D32A30 /* Sources */ = {
			isa = PBXSourcesBuildPhase;
			buildActionMask = 2147483647;
			files = (
				C7553D542B5504A80046E77E /* empHomeViewController.swift in Sources */,
				C7BAED922B51127500D32A30 /* ViewController.swift in Sources */,
				C7BAED8E2B51127500D32A30 /* AppDelegate.swift in Sources */,
				C7BAED902B51127500D32A30 /* SceneDelegate.swift in Sources */,
			);
			runOnlyForDeploymentPostprocessing = 0;
		};
		C7BAED9C2B51127900D32A30 /* Sources */ = {
			isa = PBXSourcesBuildPhase;
			buildActionMask = 2147483647;
			files = (
				C7BAEDA52B51127900D32A30 /* testTests.swift in Sources */,
			);
			runOnlyForDeploymentPostprocessing = 0;
		};
		C7BAEDA62B51127900D32A30 /* Sources */ = {
			isa = PBXSourcesBuildPhase;
			buildActionMask = 2147483647;
			files = (
				C7BAEDB12B51127900D32A30 /* testUITestsLaunchTests.swift in Sources */,
				C7BAEDAF2B51127900D32A30 /* testUITests.swift in Sources */,
			);
			runOnlyForDeploymentPostprocessing = 0;
		};
/* End PBXSourcesBuildPhase section */

/* Begin PBXTargetDependency section */
		C7BAEDA22B51127900D32A30 /* PBXTargetDependency */ = {
			isa = PBXTargetDependency;
			target = C7BAED892B51127500D32A30 /* test */;
			targetProxy = C7BAEDA12B51127900D32A30 /* PBXContainerItemProxy */;
		};
		C7BAEDAC2B51127900D32A30 /* PBXTargetDependency */ = {
			isa = PBXTargetDependency;
			target = C7BAED892B51127500D32A30 /* test */;
			targetProxy = C7BAEDAB2B51127900D32A30 /* PBXContainerItemProxy */;
		};
/* End PBXTargetDependency section */

/* Begin PBXVariantGroup section */
		C7BAED932B51127500D32A30 /* Main.storyboard */ = {
			isa = PBXVariantGroup;
			children = (
				C7BAED942B51127500D32A30 /* Base */,
			);
			name = Main.storyboard;
			sourceTree = "<group>";
		};
		C7BAED982B51127800D32A30 /* LaunchScreen.storyboard */ = {
			isa = PBXVariantGroup;
			children = (
				C7BAED992B51127800D32A30 /* Base */,
			);
			name = LaunchScreen.storyboard;
			sourceTree = "<group>";
		};
/* End PBXVariantGroup section */

/* Begin XCBuildConfiguration section */
		C7BAEDB22B51127900D32A30 /* Debug */ = {
			isa = XCBuildConfiguration;
			buildSettings = {
				ALWAYS_SEARCH_USER_PATHS = NO;
				CLANG_ANALYZER_NONNULL = YES;
				CLANG_ANALYZER_NUMBER_OBJECT_CONVERSION = YES_AGGRESSIVE;
				CLANG_CXX_LANGUAGE_STANDARD = "gnu++20";
				CLANG_ENABLE_MODULES = YES;
				CLANG_ENABLE_OBJC_ARC = YES;
				CLANG_ENABLE_OBJC_WEAK = YES;
				CLANG_WARN_BLOCK_CAPTURE_AUTORELEASING = YES;
				CLANG_WARN_BOOL_CONVERSION = YES;
				CLANG_WARN_COMMA = YES;
				CLANG_WARN_CONSTANT_CONVERSION = YES;
				CLANG_WARN_DEPRECATED_OBJC_IMPLEMENTATIONS = YES;
				CLANG_WARN_DIRECT_OBJC_ISA_USAGE = YES_ERROR;
				CLANG_WARN_DOCUMENTATION_COMMENTS = YES;
				CLANG_WARN_EMPTY_BODY = YES;
				CLANG_WARN_ENUM_CONVERSION = YES;
				CLANG_WARN_INFINITE_RECURSION = YES;
				CLANG_WARN_INT_CONVERSION = YES;
				CLANG_WARN_NON_LITERAL_NULL_CONVERSION = YES;
				CLANG_WARN_OBJC_IMPLICIT_RETAIN_SELF = YES;
				CLANG_WARN_OBJC_LITERAL_CONVERSION = YES;
				CLANG_WARN_OBJC_ROOT_CLASS = YES_ERROR;
				CLANG_WARN_QUOTED_INCLUDE_IN_FRAMEWORK_HEADER = YES;
				CLANG_WARN_RANGE_LOOP_ANALYSIS = YES;
				CLANG_WARN_STRICT_PROTOTYPES = YES;
				CLANG_WARN_SUSPICIOUS_MOVE = YES;
				CLANG_WARN_UNGUARDED_AVAILABILITY = YES_AGGRESSIVE;
				CLANG_WARN_UNREACHABLE_CODE = YES;
				CLANG_WARN__DUPLICATE_METHOD_MATCH = YES;
				COPY_PHASE_STRIP = NO;
				DEBUG_INFORMATION_FORMAT = dwarf;
				ENABLE_STRICT_OBJC_MSGSEND = YES;
				ENABLE_TESTABILITY = YES;
				GCC_C_LANGUAGE_STANDARD = gnu11;
				GCC_DYNAMIC_NO_PIC = NO;
				GCC_NO_COMMON_BLOCKS = YES;
				GCC_OPTIMIZATION_LEVEL = 0;
				GCC_PREPROCESSOR_DEFINITIONS = (
					"DEBUG=1",
					"$(inherited)",
				);
				GCC_WARN_64_TO_32_BIT_CONVERSION = YES;
				GCC_WARN_ABOUT_RETURN_TYPE = YES_ERROR;
				GCC_WARN_UNDECLARED_SELECTOR = YES;
				GCC_WARN_UNINITIALIZED_AUTOS = YES_AGGRESSIVE;
				GCC_WARN_UNUSED_FUNCTION = YES;
				GCC_WARN_UNUSED_VARIABLE = YES;
				IPHONEOS_DEPLOYMENT_TARGET = 16.2;
				MTL_ENABLE_DEBUG_INFO = INCLUDE_SOURCE;
				MTL_FAST_MATH = YES;
				ONLY_ACTIVE_ARCH = YES;
				SDKROOT = iphoneos;
				SWIFT_ACTIVE_COMPILATION_CONDITIONS = DEBUG;
				SWIFT_OPTIMIZATION_LEVEL = "-Onone";
			};
			name = Debug;
		};
		C7BAEDB32B51127900D32A30 /* Release */ = {
			isa = XCBuildConfiguration;
			buildSettings = {
				ALWAYS_SEARCH_USER_PATHS = NO;
				CLANG_ANALYZER_NONNULL = YES;
				CLANG_ANALYZER_NUMBER_OBJECT_CONVERSION = YES_AGGRESSIVE;
				CLANG_CXX_LANGUAGE_STANDARD = "gnu++20";
				CLANG_ENABLE_MODULES = YES;
				CLANG_ENABLE_OBJC_ARC = YES;
				CLANG_ENABLE_OBJC_WEAK = YES;
				CLANG_WARN_BLOCK_CAPTURE_AUTORELEASING = YES;
				CLANG_WARN_BOOL_CONVERSION = YES;
				CLANG_WARN_COMMA = YES;
				CLANG_WARN_CONSTANT_CONVERSION = YES;
				CLANG_WARN_DEPRECATED_OBJC_IMPLEMENTATIONS = YES;
				CLANG_WARN_DIRECT_OBJC_ISA_USAGE = YES_ERROR;
				CLANG_WARN_DOCUMENTATION_COMMENTS = YES;
				CLANG_WARN_EMPTY_BODY = YES;
				CLANG_WARN_ENUM_CONVERSION = YES;
				CLANG_WARN_INFINITE_RECURSION = YES;
				CLANG_WARN_INT_CONVERSION = YES;
				CLANG_WARN_NON_LITERAL_NULL_CONVERSION = YES;
				CLANG_WARN_OBJC_IMPLICIT_RETAIN_SELF = YES;
				CLANG_WARN_OBJC_LITERAL_CONVERSION = YES;
				CLANG_WARN_OBJC_ROOT_CLASS = YES_ERROR;
				CLANG_WARN_QUOTED_INCLUDE_IN_FRAMEWORK_HEADER = YES;
				CLANG_WARN_RANGE_LOOP_ANALYSIS = YES;
				CLANG_WARN_STRICT_PROTOTYPES = YES;
				CLANG_WARN_SUSPICIOUS_MOVE = YES;
				CLANG_WARN_UNGUARDED_AVAILABILITY = YES_AGGRESSIVE;
				CLANG_WARN_UNREACHABLE_CODE = YES;
				CLANG_WARN__DUPLICATE_METHOD_MATCH = YES;
				COPY_PHASE_STRIP = NO;
				DEBUG_INFORMATION_FORMAT = "dwarf-with-dsym";
				ENABLE_NS_ASSERTIONS = NO;
				ENABLE_STRICT_OBJC_MSGSEND = YES;
				GCC_C_LANGUAGE_STANDARD = gnu11;
				GCC_NO_COMMON_BLOCKS = YES;
				GCC_WARN_64_TO_32_BIT_CONVERSION = YES;
				GCC_WARN_ABOUT_RETURN_TYPE = YES_ERROR;
				GCC_WARN_UNDECLARED_SELECTOR = YES;
				GCC_WARN_UNINITIALIZED_AUTOS = YES_AGGRESSIVE;
				GCC_WARN_UNUSED_FUNCTION = YES;
				GCC_WARN_UNUSED_VARIABLE = YES;
				IPHONEOS_DEPLOYMENT_TARGET = 16.2;
				MTL_ENABLE_DEBUG_INFO = NO;
				MTL_FAST_MATH = YES;
				SDKROOT = iphoneos;
				SWIFT_COMPILATION_MODE = wholemodule;
				SWIFT_OPTIMIZATION_LEVEL = "-O";
				VALIDATE_PRODUCT = YES;
			};
			name = Release;
		};
		C7BAEDB52B51127900D32A30 /* Debug */ = {
			isa = XCBuildConfiguration;
			buildSettings = {
				ASSETCATALOG_COMPILER_APPICON_NAME = AppIcon;
				ASSETCATALOG_COMPILER_GLOBAL_ACCENT_COLOR_NAME = AccentColor;
				CODE_SIGN_STYLE = Automatic;
				CURRENT_PROJECT_VERSION = 1;
				GENERATE_INFOPLIST_FILE = YES;
				INFOPLIST_FILE = test/Info.plist;
				INFOPLIST_KEY_UIApplicationSupportsIndirectInputEvents = YES;
				INFOPLIST_KEY_UILaunchStoryboardName = LaunchScreen.storyboard;
				INFOPLIST_KEY_UIMainStoryboardFile = Main;
				INFOPLIST_KEY_UISupportedInterfaceOrientations_iPad = "UIInterfaceOrientationPortrait UIInterfaceOrientationPortraitUpsideDown UIInterfaceOrientationLandscapeLeft UIInterfaceOrientationLandscapeRight";
				INFOPLIST_KEY_UISupportedInterfaceOrientations_iPhone = "UIInterfaceOrientationPortrait UIInterfaceOrientationLandscapeLeft UIInterfaceOrientationLandscapeRight";
				LD_RUNPATH_SEARCH_PATHS = (
					"$(inherited)",
					"@executable_path/Frameworks",
				);
				MARKETING_VERSION = 1.0;
				PRODUCT_BUNDLE_IDENTIFIER = in.droom.test;
				PRODUCT_NAME = "$(TARGET_NAME)";
				SWIFT_EMIT_LOC_STRINGS = YES;
				SWIFT_VERSION = 5.0;
				TARGETED_DEVICE_FAMILY = "1,2";
			};
			name = Debug;
		};
		C7BAEDB62B51127900D32A30 /* Release */ = {
			isa = XCBuildConfiguration;
			buildSettings = {
				ASSETCATALOG_COMPILER_APPICON_NAME = AppIcon;
				ASSETCATALOG_COMPILER_GLOBAL_ACCENT_COLOR_NAME = AccentColor;
				CODE_SIGN_STYLE = Automatic;
				CURRENT_PROJECT_VERSION = 1;
				GENERATE_INFOPLIST_FILE = YES;
				INFOPLIST_FILE = test/Info.plist;
				INFOPLIST_KEY_UIApplicationSupportsIndirectInputEvents = YES;
				INFOPLIST_KEY_UILaunchStoryboardName = LaunchScreen.storyboard;
				INFOPLIST_KEY_UIMainStoryboardFile = Main;
				INFOPLIST_KEY_UISupportedInterfaceOrientations_iPad = "UIInterfaceOrientationPortrait UIInterfaceOrientationPortraitUpsideDown UIInterfaceOrientationLandscapeLeft UIInterfaceOrientationLandscapeRight";
				INFOPLIST_KEY_UISupportedInterfaceOrientations_iPhone = "UIInterfaceOrientationPortrait UIInterfaceOrientationLandscapeLeft UIInterfaceOrientationLandscapeRight";
				LD_RUNPATH_SEARCH_PATHS = (
					"$(inherited)",
					"@executable_path/Frameworks",
				);
				MARKETING_VERSION = 1.0;
				PRODUCT_BUNDLE_IDENTIFIER = in.droom.test;
				PRODUCT_NAME = "$(TARGET_NAME)";
				SWIFT_EMIT_LOC_STRINGS = YES;
				SWIFT_VERSION = 5.0;
				TARGETED_DEVICE_FAMILY = "1,2";
			};
			name = Release;
		};
		C7BAEDB82B51127900D32A30 /* Debug */ = {
			isa = XCBuildConfiguration;
			buildSettings = {
				ALWAYS_EMBED_SWIFT_STANDARD_LIBRARIES = YES;
				BUNDLE_LOADER = "$(TEST_HOST)";
				CODE_SIGN_STYLE = Automatic;
				CURRENT_PROJECT_VERSION = 1;
				GENERATE_INFOPLIST_FILE = YES;
				IPHONEOS_DEPLOYMENT_TARGET = 16.2;
				MARKETING_VERSION = 1.0;
				PRODUCT_BUNDLE_IDENTIFIER = in.droom.testTests;
				PRODUCT_NAME = "$(TARGET_NAME)";
				SWIFT_EMIT_LOC_STRINGS = NO;
				SWIFT_VERSION = 5.0;
				TARGETED_DEVICE_FAMILY = "1,2";
				TEST_HOST = "$(BUILT_PRODUCTS_DIR)/test.app/$(BUNDLE_EXECUTABLE_FOLDER_PATH)/test";
			};
			name = Debug;
		};
		C7BAEDB92B51127900D32A30 /* Release */ = {
			isa = XCBuildConfiguration;
			buildSettings = {
				ALWAYS_EMBED_SWIFT_STANDARD_LIBRARIES = YES;
				BUNDLE_LOADER = "$(TEST_HOST)";
				CODE_SIGN_STYLE = Automatic;
				CURRENT_PROJECT_VERSION = 1;
				GENERATE_INFOPLIST_FILE = YES;
				IPHONEOS_DEPLOYMENT_TARGET = 16.2;
				MARKETING_VERSION = 1.0;
				PRODUCT_BUNDLE_IDENTIFIER = in.droom.testTests;
				PRODUCT_NAME = "$(TARGET_NAME)";
				SWIFT_EMIT_LOC_STRINGS = NO;
				SWIFT_VERSION = 5.0;
				TARGETED_DEVICE_FAMILY = "1,2";
				TEST_HOST = "$(BUILT_PRODUCTS_DIR)/test.app/$(BUNDLE_EXECUTABLE_FOLDER_PATH)/test";
			};
			name = Release;
		};
		C7BAEDBB2B51127900D32A30 /* Debug */ = {
			isa = XCBuildConfiguration;
			buildSettings = {
				ALWAYS_EMBED_SWIFT_STANDARD_LIBRARIES = YES;
				CODE_SIGN_STYLE = Automatic;
				CURRENT_PROJECT_VERSION = 1;
				GENERATE_INFOPLIST_FILE = YES;
				MARKETING_VERSION = 1.0;
				PRODUCT_BUNDLE_IDENTIFIER = in.droom.testUITests;
				PRODUCT_NAME = "$(TARGET_NAME)";
				SWIFT_EMIT_LOC_STRINGS = NO;
				SWIFT_VERSION = 5.0;
				TARGETED_DEVICE_FAMILY = "1,2";
				TEST_TARGET_NAME = test;
			};
			name = Debug;
		};
		C7BAEDBC2B51127900D32A30 /* Release */ = {
			isa = XCBuildConfiguration;
			buildSettings = {
				ALWAYS_EMBED_SWIFT_STANDARD_LIBRARIES = YES;
				CODE_SIGN_STYLE = Automatic;
				CURRENT_PROJECT_VERSION = 1;
				GENERATE_INFOPLIST_FILE = YES;
				MARKETING_VERSION = 1.0;
				PRODUCT_BUNDLE_IDENTIFIER = in.droom.testUITests;
				PRODUCT_NAME = "$(TARGET_NAME)";
				SWIFT_EMIT_LOC_STRINGS = NO;
				SWIFT_VERSION = 5.0;
				TARGETED_DEVICE_FAMILY = "1,2";
				TEST_TARGET_NAME = test;
			};
			name = Release;
		};
/* End XCBuildConfiguration section */

/* Begin XCConfigurationList section */
		C7BAED852B51127500D32A30 /* Build configuration list for PBXProject "test" */ = {
			isa = XCConfigurationList;
			buildConfigurations = (
				C7BAEDB22B51127900D32A30 /* Debug */,
				C7BAEDB32B51127900D32A30 /* Release */,
			);
			defaultConfigurationIsVisible = 0;
			defaultConfigurationName = Release;
		};
		C7BAEDB42B51127900D32A30 /* Build configuration list for PBXNativeTarget "test" */ = {
			isa = XCConfigurationList;
			buildConfigurations = (
				C7BAEDB52B51127900D32A30 /* Debug */,
				C7BAEDB62B51127900D32A30 /* Release */,
			);
			defaultConfigurationIsVisible = 0;
			defaultConfigurationName = Release;
		};
		C7BAEDB72B51127900D32A30 /* Build configuration list for PBXNativeTarget "testTests" */ = {
			isa = XCConfigurationList;
			buildConfigurations = (
				C7BAEDB82B51127900D32A30 /* Debug */,
				C7BAEDB92B51127900D32A30 /* Release */,
			);
			defaultConfigurationIsVisible = 0;
			defaultConfigurationName = Release;
		};
		C7BAEDBA2B51127900D32A30 /* Build configuration list for PBXNativeTarget "testUITests" */ = {
			isa = XCConfigurationList;
			buildConfigurations = (
				C7BAEDBB2B51127900D32A30 /* Debug */,
				C7BAEDBC2B51127900D32A30 /* Release */,
			);
			defaultConfigurationIsVisible = 0;
			defaultConfigurationName = Release;
		};
/* End XCConfigurationList section */
	};
	rootObject = C7BAED822B51127500D32A30 /* Project object */;
}
