// !$*UTF8*$!
{
	archiveVersion = 1;
	classes = {
	};
	objectVersion = 56;
	objects = {

/* Begin PBXBuildFile section */
		C71093892B626BEF0080C65A /* AppDelegate.swift in Sources */ = {isa = PBXBuildFile; fileRef = C71093882B626BEF0080C65A /* AppDelegate.swift */; };
		C710938B2B626BEF0080C65A /* SceneDelegate.swift in Sources */ = {isa = PBXBuildFile; fileRef = C710938A2B626BEF0080C65A /* SceneDelegate.swift */; };
		C710938D2B626BEF0080C65A /* ViewController.swift in Sources */ = {isa = PBXBuildFile; fileRef = C710938C2B626BEF0080C65A /* ViewController.swift */; };
		C71093902B626BEF0080C65A /* Main.storyboard in Resources */ = {isa = PBXBuildFile; fileRef = C710938E2B626BEF0080C65A /* Main.storyboard */; };
		C71093932B626BEF0080C65A /* SearchBar.xcdatamodeld in Sources */ = {isa = PBXBuildFile; fileRef = C71093912B626BEF0080C65A /* SearchBar.xcdatamodeld */; };
		C71093952B626BF40080C65A /* Assets.xcassets in Resources */ = {isa = PBXBuildFile; fileRef = C71093942B626BF40080C65A /* Assets.xcassets */; };
		C71093982B626BF40080C65A /* LaunchScreen.storyboard in Resources */ = {isa = PBXBuildFile; fileRef = C71093962B626BF40080C65A /* LaunchScreen.storyboard */; };
		C71093A32B626BF50080C65A /* SearchBarTests.swift in Sources */ = {isa = PBXBuildFile; fileRef = C71093A22B626BF50080C65A /* SearchBarTests.swift */; };
		C71093AD2B626BF50080C65A /* SearchBarUITests.swift in Sources */ = {isa = PBXBuildFile; fileRef = C71093AC2B626BF50080C65A /* SearchBarUITests.swift */; };
		C71093AF2B626BF50080C65A /* SearchBarUITestsLaunchTests.swift in Sources */ = {isa = PBXBuildFile; fileRef = C71093AE2B626BF50080C65A /* SearchBarUITestsLaunchTests.swift */; };
		C71093BD2B626D050080C65A /* SearchViewController.swift in Sources */ = {isa = PBXBuildFile; fileRef = C71093BB2B626D050080C65A /* SearchViewController.swift */; };
		C71093BE2B626D050080C65A /* SearchViewController.xib in Resources */ = {isa = PBXBuildFile; fileRef = C71093BC2B626D050080C65A /* SearchViewController.xib */; };
		C71093C12B626F930080C65A /* StudentData+CoreDataClass.swift in Sources */ = {isa = PBXBuildFile; fileRef = C71093BF2B626F930080C65A /* StudentData+CoreDataClass.swift */; };
		C71093C22B626F930080C65A /* StudentData+CoreDataProperties.swift in Sources */ = {isa = PBXBuildFile; fileRef = C71093C02B626F930080C65A /* StudentData+CoreDataProperties.swift */; };
		C71093C42B6270020080C65A /* DataHandler.swift in Sources */ = {isa = PBXBuildFile; fileRef = C71093C32B6270020080C65A /* DataHandler.swift */; };
		C71093C72B6278C10080C65A /* TableViewCell.swift in Sources */ = {isa = PBXBuildFile; fileRef = C71093C52B6278C10080C65A /* TableViewCell.swift */; };
		C71093C82B6278C10080C65A /* TableViewCell.xib in Resources */ = {isa = PBXBuildFile; fileRef = C71093C62B6278C10080C65A /* TableViewCell.xib */; };
/* End PBXBuildFile section */

/* Begin PBXContainerItemProxy section */
		C710939F2B626BF50080C65A /* PBXContainerItemProxy */ = {
			isa = PBXContainerItemProxy;
			containerPortal = C710937D2B626BEF0080C65A /* Project object */;
			proxyType = 1;
			remoteGlobalIDString = C71093842B626BEF0080C65A;
			remoteInfo = SearchBar;
		};
		C71093A92B626BF50080C65A /* PBXContainerItemProxy */ = {
			isa = PBXContainerItemProxy;
			containerPortal = C710937D2B626BEF0080C65A /* Project object */;
			proxyType = 1;
			remoteGlobalIDString = C71093842B626BEF0080C65A;
			remoteInfo = SearchBar;
		};
/* End PBXContainerItemProxy section */

/* Begin PBXFileReference section */
		C71093852B626BEF0080C65A /* SearchBar.app */ = {isa = PBXFileReference; explicitFileType = wrapper.application; includeInIndex = 0; path = SearchBar.app; sourceTree = BUILT_PRODUCTS_DIR; };
		C71093882B626BEF0080C65A /* AppDelegate.swift */ = {isa = PBXFileReference; lastKnownFileType = sourcecode.swift; path = AppDelegate.swift; sourceTree = "<group>"; };
		C710938A2B626BEF0080C65A /* SceneDelegate.swift */ = {isa = PBXFileReference; lastKnownFileType = sourcecode.swift; path = SceneDelegate.swift; sourceTree = "<group>"; };
		C710938C2B626BEF0080C65A /* ViewController.swift */ = {isa = PBXFileReference; lastKnownFileType = sourcecode.swift; path = ViewController.swift; sourceTree = "<group>"; };
		C710938F2B626BEF0080C65A /* Base */ = {isa = PBXFileReference; lastKnownFileType = file.storyboard; name = Base; path = Base.lproj/Main.storyboard; sourceTree = "<group>"; };
		C71093922B626BEF0080C65A /* SearchBar.xcdatamodel */ = {isa = PBXFileReference; lastKnownFileType = wrapper.xcdatamodel; path = SearchBar.xcdatamodel; sourceTree = "<group>"; };
		C71093942B626BF40080C65A /* Assets.xcassets */ = {isa = PBXFileReference; lastKnownFileType = folder.assetcatalog; path = Assets.xcassets; sourceTree = "<group>"; };
		C71093972B626BF40080C65A /* Base */ = {isa = PBXFileReference; lastKnownFileType = file.storyboard; name = Base; path = Base.lproj/LaunchScreen.storyboard; sourceTree = "<group>"; };
		C71093992B626BF40080C65A /* Info.plist */ = {isa = PBXFileReference; lastKnownFileType = text.plist.xml; path = Info.plist; sourceTree = "<group>"; };
		C710939E2B626BF50080C65A /* SearchBarTests.xctest */ = {isa = PBXFileReference; explicitFileType = wrapper.cfbundle; includeInIndex = 0; path = SearchBarTests.xctest; sourceTree = BUILT_PRODUCTS_DIR; };
		C71093A22B626BF50080C65A /* SearchBarTests.swift */ = {isa = PBXFileReference; lastKnownFileType = sourcecode.swift; path = SearchBarTests.swift; sourceTree = "<group>"; };
		C71093A82B626BF50080C65A /* SearchBarUITests.xctest */ = {isa = PBXFileReference; explicitFileType = wrapper.cfbundle; includeInIndex = 0; path = SearchBarUITests.xctest; sourceTree = BUILT_PRODUCTS_DIR; };
		C71093AC2B626BF50080C65A /* SearchBarUITests.swift */ = {isa = PBXFileReference; lastKnownFileType = sourcecode.swift; path = SearchBarUITests.swift; sourceTree = "<group>"; };
		C71093AE2B626BF50080C65A /* SearchBarUITestsLaunchTests.swift */ = {isa = PBXFileReference; lastKnownFileType = sourcecode.swift; path = SearchBarUITestsLaunchTests.swift; sourceTree = "<group>"; };
		C71093BB2B626D050080C65A /* SearchViewController.swift */ = {isa = PBXFileReference; lastKnownFileType = sourcecode.swift; path = SearchViewController.swift; sourceTree = "<group>"; };
		C71093BC2B626D050080C65A /* SearchViewController.xib */ = {isa = PBXFileReference; lastKnownFileType = file.xib; path = SearchViewController.xib; sourceTree = "<group>"; };
		C71093BF2B626F930080C65A /* StudentData+CoreDataClass.swift */ = {isa = PBXFileReference; lastKnownFileType = sourcecode.swift; path = "StudentData+CoreDataClass.swift"; sourceTree = "<group>"; };
		C71093C02B626F930080C65A /* StudentData+CoreDataProperties.swift */ = {isa = PBXFileReference; lastKnownFileType = sourcecode.swift; path = "StudentData+CoreDataProperties.swift"; sourceTree = "<group>"; };
		C71093C32B6270020080C65A /* DataHandler.swift */ = {isa = PBXFileReference; lastKnownFileType = sourcecode.swift; path = DataHandler.swift; sourceTree = "<group>"; };
		C71093C52B6278C10080C65A /* TableViewCell.swift */ = {isa = PBXFileReference; lastKnownFileType = sourcecode.swift; path = TableViewCell.swift; sourceTree = "<group>"; };
		C71093C62B6278C10080C65A /* TableViewCell.xib */ = {isa = PBXFileReference; lastKnownFileType = file.xib; path = TableViewCell.xib; sourceTree = "<group>"; };
/* End PBXFileReference section */

/* Begin PBXFrameworksBuildPhase section */
		C71093822B626BEF0080C65A /* Frameworks */ = {
			isa = PBXFrameworksBuildPhase;
			buildActionMask = 2147483647;
			files = (
			);
			runOnlyForDeploymentPostprocessing = 0;
		};
		C710939B2B626BF50080C65A /* Frameworks */ = {
			isa = PBXFrameworksBuildPhase;
			buildActionMask = 2147483647;
			files = (
			);
			runOnlyForDeploymentPostprocessing = 0;
		};
		C71093A52B626BF50080C65A /* Frameworks */ = {
			isa = PBXFrameworksBuildPhase;
			buildActionMask = 2147483647;
			files = (
			);
			runOnlyForDeploymentPostprocessing = 0;
		};
/* End PBXFrameworksBuildPhase section */

/* Begin PBXGroup section */
		C710937C2B626BEF0080C65A = {
			isa = PBXGroup;
			children = (
				C71093872B626BEF0080C65A /* SearchBar */,
				C71093A12B626BF50080C65A /* SearchBarTests */,
				C71093AB2B626BF50080C65A /* SearchBarUITests */,
				C71093862B626BEF0080C65A /* Products */,
			);
			sourceTree = "<group>";
		};
		C71093862B626BEF0080C65A /* Products */ = {
			isa = PBXGroup;
			children = (
				C71093852B626BEF0080C65A /* SearchBar.app */,
				C710939E2B626BF50080C65A /* SearchBarTests.xctest */,
				C71093A82B626BF50080C65A /* SearchBarUITests.xctest */,
			);
			name = Products;
			sourceTree = "<group>";
		};
		C71093872B626BEF0080C65A /* SearchBar */ = {
			isa = PBXGroup;
			children = (
				C71093BF2B626F930080C65A /* StudentData+CoreDataClass.swift */,
				C71093C32B6270020080C65A /* DataHandler.swift */,
				C71093C02B626F930080C65A /* StudentData+CoreDataProperties.swift */,
				C71093882B626BEF0080C65A /* AppDelegate.swift */,
				C710938A2B626BEF0080C65A /* SceneDelegate.swift */,
				C71093BB2B626D050080C65A /* SearchViewController.swift */,
				C71093C52B6278C10080C65A /* TableViewCell.swift */,
				C71093C62B6278C10080C65A /* TableViewCell.xib */,
				C71093BC2B626D050080C65A /* SearchViewController.xib */,
				C710938C2B626BEF0080C65A /* ViewController.swift */,
				C710938E2B626BEF0080C65A /* Main.storyboard */,
				C71093942B626BF40080C65A /* Assets.xcassets */,
				C71093962B626BF40080C65A /* LaunchScreen.storyboard */,
				C71093992B626BF40080C65A /* Info.plist */,
				C71093912B626BEF0080C65A /* SearchBar.xcdatamodeld */,
			);
			path = SearchBar;
			sourceTree = "<group>";
		};
		C71093A12B626BF50080C65A /* SearchBarTests */ = {
			isa = PBXGroup;
			children = (
				C71093A22B626BF50080C65A /* SearchBarTests.swift */,
			);
			path = SearchBarTests;
			sourceTree = "<group>";
		};
		C71093AB2B626BF50080C65A /* SearchBarUITests */ = {
			isa = PBXGroup;
			children = (
				C71093AC2B626BF50080C65A /* SearchBarUITests.swift */,
				C71093AE2B626BF50080C65A /* SearchBarUITestsLaunchTests.swift */,
			);
			path = SearchBarUITests;
			sourceTree = "<group>";
		};
/* End PBXGroup section */

/* Begin PBXNativeTarget section */
		C71093842B626BEF0080C65A /* SearchBar */ = {
			isa = PBXNativeTarget;
			buildConfigurationList = C71093B22B626BF50080C65A /* Build configuration list for PBXNativeTarget "SearchBar" */;
			buildPhases = (
				C71093812B626BEF0080C65A /* Sources */,
				C71093822B626BEF0080C65A /* Frameworks */,
				C71093832B626BEF0080C65A /* Resources */,
			);
			buildRules = (
			);
			dependencies = (
			);
			name = SearchBar;
			productName = SearchBar;
			productReference = C71093852B626BEF0080C65A /* SearchBar.app */;
			productType = "com.apple.product-type.application";
		};
		C710939D2B626BF50080C65A /* SearchBarTests */ = {
			isa = PBXNativeTarget;
			buildConfigurationList = C71093B52B626BF50080C65A /* Build configuration list for PBXNativeTarget "SearchBarTests" */;
			buildPhases = (
				C710939A2B626BF50080C65A /* Sources */,
				C710939B2B626BF50080C65A /* Frameworks */,
				C710939C2B626BF50080C65A /* Resources */,
			);
			buildRules = (
			);
			dependencies = (
				C71093A02B626BF50080C65A /* PBXTargetDependency */,
			);
			name = SearchBarTests;
			productName = SearchBarTests;
			productReference = C710939E2B626BF50080C65A /* SearchBarTests.xctest */;
			productType = "com.apple.product-type.bundle.unit-test";
		};
		C71093A72B626BF50080C65A /* SearchBarUITests */ = {
			isa = PBXNativeTarget;
			buildConfigurationList = C71093B82B626BF50080C65A /* Build configuration list for PBXNativeTarget "SearchBarUITests" */;
			buildPhases = (
				C71093A42B626BF50080C65A /* Sources */,
				C71093A52B626BF50080C65A /* Frameworks */,
				C71093A62B626BF50080C65A /* Resources */,
			);
			buildRules = (
			);
			dependencies = (
				C71093AA2B626BF50080C65A /* PBXTargetDependency */,
			);
			name = SearchBarUITests;
			productName = SearchBarUITests;
			productReference = C71093A82B626BF50080C65A /* SearchBarUITests.xctest */;
			productType = "com.apple.product-type.bundle.ui-testing";
		};
/* End PBXNativeTarget section */

/* Begin PBXProject section */
		C710937D2B626BEF0080C65A /* Project object */ = {
			isa = PBXProject;
			attributes = {
				BuildIndependentTargetsInParallel = 1;
				LastSwiftUpdateCheck = 1420;
				LastUpgradeCheck = 1420;
				TargetAttributes = {
					C71093842B626BEF0080C65A = {
						CreatedOnToolsVersion = 14.2;
					};
					C710939D2B626BF50080C65A = {
						CreatedOnToolsVersion = 14.2;
						TestTargetID = C71093842B626BEF0080C65A;
					};
					C71093A72B626BF50080C65A = {
						CreatedOnToolsVersion = 14.2;
						TestTargetID = C71093842B626BEF0080C65A;
					};
				};
			};
			buildConfigurationList = C71093802B626BEF0080C65A /* Build configuration list for PBXProject "SearchBar" */;
			compatibilityVersion = "Xcode 14.0";
			developmentRegion = en;
			hasScannedForEncodings = 0;
			knownRegions = (
				en,
				Base,
			);
			mainGroup = C710937C2B626BEF0080C65A;
			productRefGroup = C71093862B626BEF0080C65A /* Products */;
			projectDirPath = "";
			projectRoot = "";
			targets = (
				C71093842B626BEF0080C65A /* SearchBar */,
				C710939D2B626BF50080C65A /* SearchBarTests */,
				C71093A72B626BF50080C65A /* SearchBarUITests */,
			);
		};
/* End PBXProject section */

/* Begin PBXResourcesBuildPhase section */
		C71093832B626BEF0080C65A /* Resources */ = {
			isa = PBXResourcesBuildPhase;
			buildActionMask = 2147483647;
			files = (
				C71093982B626BF40080C65A /* LaunchScreen.storyboard in Resources */,
				C71093C82B6278C10080C65A /* TableViewCell.xib in Resources */,
				C71093952B626BF40080C65A /* Assets.xcassets in Resources */,
				C71093BE2B626D050080C65A /* SearchViewController.xib in Resources */,
				C71093902B626BEF0080C65A /* Main.storyboard in Resources */,
			);
			runOnlyForDeploymentPostprocessing = 0;
		};
		C710939C2B626BF50080C65A /* Resources */ = {
			isa = PBXResourcesBuildPhase;
			buildActionMask = 2147483647;
			files = (
			);
			runOnlyForDeploymentPostprocessing = 0;
		};
		C71093A62B626BF50080C65A /* Resources */ = {
			isa = PBXResourcesBuildPhase;
			buildActionMask = 2147483647;
			files = (
			);
			runOnlyForDeploymentPostprocessing = 0;
		};
/* End PBXResourcesBuildPhase section */

/* Begin PBXSourcesBuildPhase section */
		C71093812B626BEF0080C65A /* Sources */ = {
			isa = PBXSourcesBuildPhase;
			buildActionMask = 2147483647;
			files = (
				C71093BD2B626D050080C65A /* SearchViewController.swift in Sources */,
				C710938D2B626BEF0080C65A /* ViewController.swift in Sources */,
				C71093932B626BEF0080C65A /* SearchBar.xcdatamodeld in Sources */,
				C71093C72B6278C10080C65A /* TableViewCell.swift in Sources */,
				C71093892B626BEF0080C65A /* AppDelegate.swift in Sources */,
				C71093C42B6270020080C65A /* DataHandler.swift in Sources */,
				C710938B2B626BEF0080C65A /* SceneDelegate.swift in Sources */,
				C71093C12B626F930080C65A /* StudentData+CoreDataClass.swift in Sources */,
				C71093C22B626F930080C65A /* StudentData+CoreDataProperties.swift in Sources */,
			);
			runOnlyForDeploymentPostprocessing = 0;
		};
		C710939A2B626BF50080C65A /* Sources */ = {
			isa = PBXSourcesBuildPhase;
			buildActionMask = 2147483647;
			files = (
				C71093A32B626BF50080C65A /* SearchBarTests.swift in Sources */,
			);
			runOnlyForDeploymentPostprocessing = 0;
		};
		C71093A42B626BF50080C65A /* Sources */ = {
			isa = PBXSourcesBuildPhase;
			buildActionMask = 2147483647;
			files = (
				C71093AF2B626BF50080C65A /* SearchBarUITestsLaunchTests.swift in Sources */,
				C71093AD2B626BF50080C65A /* SearchBarUITests.swift in Sources */,
			);
			runOnlyForDeploymentPostprocessing = 0;
		};
/* End PBXSourcesBuildPhase section */

/* Begin PBXTargetDependency section */
		C71093A02B626BF50080C65A /* PBXTargetDependency */ = {
			isa = PBXTargetDependency;
			target = C71093842B626BEF0080C65A /* SearchBar */;
			targetProxy = C710939F2B626BF50080C65A /* PBXContainerItemProxy */;
		};
		C71093AA2B626BF50080C65A /* PBXTargetDependency */ = {
			isa = PBXTargetDependency;
			target = C71093842B626BEF0080C65A /* SearchBar */;
			targetProxy = C71093A92B626BF50080C65A /* PBXContainerItemProxy */;
		};
/* End PBXTargetDependency section */

/* Begin PBXVariantGroup section */
		C710938E2B626BEF0080C65A /* Main.storyboard */ = {
			isa = PBXVariantGroup;
			children = (
				C710938F2B626BEF0080C65A /* Base */,
			);
			name = Main.storyboard;
			sourceTree = "<group>";
		};
		C71093962B626BF40080C65A /* LaunchScreen.storyboard */ = {
			isa = PBXVariantGroup;
			children = (
				C71093972B626BF40080C65A /* Base */,
			);
			name = LaunchScreen.storyboard;
			sourceTree = "<group>";
		};
/* End PBXVariantGroup section */

/* Begin XCBuildConfiguration section */
		C71093B02B626BF50080C65A /* Debug */ = {
			isa = XCBuildConfiguration;
			buildSettings = {
				ALWAYS_SEARCH_USER_PATHS = NO;
				CLANG_ANALYZER_NONNULL = YES;
				CLANG_ANALYZER_NUMBER_OBJECT_CONVERSION = YES_AGGRESSIVE;
				CLANG_CXX_LANGUAGE_STANDARD = "gnu++20";
				CLANG_ENABLE_MODULES = YES;
				CLANG_ENABLE_OBJC_ARC = YES;
				CLANG_ENABLE_OBJC_WEAK = YES;
				CLANG_WARN_BLOCK_CAPTURE_AUTORELEASING = YES;
				CLANG_WARN_BOOL_CONVERSION = YES;
				CLANG_WARN_COMMA = YES;
				CLANG_WARN_CONSTANT_CONVERSION = YES;
				CLANG_WARN_DEPRECATED_OBJC_IMPLEMENTATIONS = YES;
				CLANG_WARN_DIRECT_OBJC_ISA_USAGE = YES_ERROR;
				CLANG_WARN_DOCUMENTATION_COMMENTS = YES;
				CLANG_WARN_EMPTY_BODY = YES;
				CLANG_WARN_ENUM_CONVERSION = YES;
				CLANG_WARN_INFINITE_RECURSION = YES;
				CLANG_WARN_INT_CONVERSION = YES;
				CLANG_WARN_NON_LITERAL_NULL_CONVERSION = YES;
				CLANG_WARN_OBJC_IMPLICIT_RETAIN_SELF = YES;
				CLANG_WARN_OBJC_LITERAL_CONVERSION = YES;
				CLANG_WARN_OBJC_ROOT_CLASS = YES_ERROR;
				CLANG_WARN_QUOTED_INCLUDE_IN_FRAMEWORK_HEADER = YES;
				CLANG_WARN_RANGE_LOOP_ANALYSIS = YES;
				CLANG_WARN_STRICT_PROTOTYPES = YES;
				CLANG_WARN_SUSPICIOUS_MOVE = YES;
				CLANG_WARN_UNGUARDED_AVAILABILITY = YES_AGGRESSIVE;
				CLANG_WARN_UNREACHABLE_CODE = YES;
				CLANG_WARN__DUPLICATE_METHOD_MATCH = YES;
				COPY_PHASE_STRIP = NO;
				DEBUG_INFORMATION_FORMAT = dwarf;
				ENABLE_STRICT_OBJC_MSGSEND = YES;
				ENABLE_TESTABILITY = YES;
				GCC_C_LANGUAGE_STANDARD = gnu11;
				GCC_DYNAMIC_NO_PIC = NO;
				GCC_NO_COMMON_BLOCKS = YES;
				GCC_OPTIMIZATION_LEVEL = 0;
				GCC_PREPROCESSOR_DEFINITIONS = (
					"DEBUG=1",
					"$(inherited)",
				);
				GCC_WARN_64_TO_32_BIT_CONVERSION = YES;
				GCC_WARN_ABOUT_RETURN_TYPE = YES_ERROR;
				GCC_WARN_UNDECLARED_SELECTOR = YES;
				GCC_WARN_UNINITIALIZED_AUTOS = YES_AGGRESSIVE;
				GCC_WARN_UNUSED_FUNCTION = YES;
				GCC_WARN_UNUSED_VARIABLE = YES;
				IPHONEOS_DEPLOYMENT_TARGET = 16.2;
				MTL_ENABLE_DEBUG_INFO = INCLUDE_SOURCE;
				MTL_FAST_MATH = YES;
				ONLY_ACTIVE_ARCH = YES;
				SDKROOT = iphoneos;
				SWIFT_ACTIVE_COMPILATION_CONDITIONS = DEBUG;
				SWIFT_OPTIMIZATION_LEVEL = "-Onone";
			};
			name = Debug;
		};
		C71093B12B626BF50080C65A /* Release */ = {
			isa = XCBuildConfiguration;
			buildSettings = {
				ALWAYS_SEARCH_USER_PATHS = NO;
				CLANG_ANALYZER_NONNULL = YES;
				CLANG_ANALYZER_NUMBER_OBJECT_CONVERSION = YES_AGGRESSIVE;
				CLANG_CXX_LANGUAGE_STANDARD = "gnu++20";
				CLANG_ENABLE_MODULES = YES;
				CLANG_ENABLE_OBJC_ARC = YES;
				CLANG_ENABLE_OBJC_WEAK = YES;
				CLANG_WARN_BLOCK_CAPTURE_AUTORELEASING = YES;
				CLANG_WARN_BOOL_CONVERSION = YES;
				CLANG_WARN_COMMA = YES;
				CLANG_WARN_CONSTANT_CONVERSION = YES;
				CLANG_WARN_DEPRECATED_OBJC_IMPLEMENTATIONS = YES;
				CLANG_WARN_DIRECT_OBJC_ISA_USAGE = YES_ERROR;
				CLANG_WARN_DOCUMENTATION_COMMENTS = YES;
				CLANG_WARN_EMPTY_BODY = YES;
				CLANG_WARN_ENUM_CONVERSION = YES;
				CLANG_WARN_INFINITE_RECURSION = YES;
				CLANG_WARN_INT_CONVERSION = YES;
				CLANG_WARN_NON_LITERAL_NULL_CONVERSION = YES;
				CLANG_WARN_OBJC_IMPLICIT_RETAIN_SELF = YES;
				CLANG_WARN_OBJC_LITERAL_CONVERSION = YES;
				CLANG_WARN_OBJC_ROOT_CLASS = YES_ERROR;
				CLANG_WARN_QUOTED_INCLUDE_IN_FRAMEWORK_HEADER = YES;
				CLANG_WARN_RANGE_LOOP_ANALYSIS = YES;
				CLANG_WARN_STRICT_PROTOTYPES = YES;
				CLANG_WARN_SUSPICIOUS_MOVE = YES;
				CLANG_WARN_UNGUARDED_AVAILABILITY = YES_AGGRESSIVE;
				CLANG_WARN_UNREACHABLE_CODE = YES;
				CLANG_WARN__DUPLICATE_METHOD_MATCH = YES;
				COPY_PHASE_STRIP = NO;
				DEBUG_INFORMATION_FORMAT = "dwarf-with-dsym";
				ENABLE_NS_ASSERTIONS = NO;
				ENABLE_STRICT_OBJC_MSGSEND = YES;
				GCC_C_LANGUAGE_STANDARD = gnu11;
				GCC_NO_COMMON_BLOCKS = YES;
				GCC_WARN_64_TO_32_BIT_CONVERSION = YES;
				GCC_WARN_ABOUT_RETURN_TYPE = YES_ERROR;
				GCC_WARN_UNDECLARED_SELECTOR = YES;
				GCC_WARN_UNINITIALIZED_AUTOS = YES_AGGRESSIVE;
				GCC_WARN_UNUSED_FUNCTION = YES;
				GCC_WARN_UNUSED_VARIABLE = YES;
				IPHONEOS_DEPLOYMENT_TARGET = 16.2;
				MTL_ENABLE_DEBUG_INFO = NO;
				MTL_FAST_MATH = YES;
				SDKROOT = iphoneos;
				SWIFT_COMPILATION_MODE = wholemodule;
				SWIFT_OPTIMIZATION_LEVEL = "-O";
				VALIDATE_PRODUCT = YES;
			};
			name = Release;
		};
		C71093B32B626BF50080C65A /* Debug */ = {
			isa = XCBuildConfiguration;
			buildSettings = {
				ASSETCATALOG_COMPILER_APPICON_NAME = AppIcon;
				ASSETCATALOG_COMPILER_GLOBAL_ACCENT_COLOR_NAME = AccentColor;
				CODE_SIGN_STYLE = Automatic;
				CURRENT_PROJECT_VERSION = 1;
				GENERATE_INFOPLIST_FILE = YES;
				INFOPLIST_FILE = SearchBar/Info.plist;
				INFOPLIST_KEY_UIApplicationSupportsIndirectInputEvents = YES;
				INFOPLIST_KEY_UILaunchStoryboardName = LaunchScreen;
				INFOPLIST_KEY_UISupportedInterfaceOrientations_iPad = "UIInterfaceOrientationPortrait UIInterfaceOrientationPortraitUpsideDown UIInterfaceOrientationLandscapeLeft UIInterfaceOrientationLandscapeRight";
				INFOPLIST_KEY_UISupportedInterfaceOrientations_iPhone = "UIInterfaceOrientationPortrait UIInterfaceOrientationLandscapeLeft UIInterfaceOrientationLandscapeRight";
				LD_RUNPATH_SEARCH_PATHS = (
					"$(inherited)",
					"@executable_path/Frameworks",
				);
				MARKETING_VERSION = 1.0;
				PRODUCT_BUNDLE_IDENTIFIER = in.droom.SearchBar;
				PRODUCT_NAME = "$(TARGET_NAME)";
				SWIFT_EMIT_LOC_STRINGS = YES;
				SWIFT_VERSION = 5.0;
				TARGETED_DEVICE_FAMILY = "1,2";
			};
			name = Debug;
		};
		C71093B42B626BF50080C65A /* Release */ = {
			isa = XCBuildConfiguration;
			buildSettings = {
				ASSETCATALOG_COMPILER_APPICON_NAME = AppIcon;
				ASSETCATALOG_COMPILER_GLOBAL_ACCENT_COLOR_NAME = AccentColor;
				CODE_SIGN_STYLE = Automatic;
				CURRENT_PROJECT_VERSION = 1;
				GENERATE_INFOPLIST_FILE = YES;
				INFOPLIST_FILE = SearchBar/Info.plist;
				INFOPLIST_KEY_UIApplicationSupportsIndirectInputEvents = YES;
				INFOPLIST_KEY_UILaunchStoryboardName = LaunchScreen;
				INFOPLIST_KEY_UISupportedInterfaceOrientations_iPad = "UIInterfaceOrientationPortrait UIInterfaceOrientationPortraitUpsideDown UIInterfaceOrientationLandscapeLeft UIInterfaceOrientationLandscapeRight";
				INFOPLIST_KEY_UISupportedInterfaceOrientations_iPhone = "UIInterfaceOrientationPortrait UIInterfaceOrientationLandscapeLeft UIInterfaceOrientationLandscapeRight";
				LD_RUNPATH_SEARCH_PATHS = (
					"$(inherited)",
					"@executable_path/Frameworks",
				);
				MARKETING_VERSION = 1.0;
				PRODUCT_BUNDLE_IDENTIFIER = in.droom.SearchBar;
				PRODUCT_NAME = "$(TARGET_NAME)";
				SWIFT_EMIT_LOC_STRINGS = YES;
				SWIFT_VERSION = 5.0;
				TARGETED_DEVICE_FAMILY = "1,2";
			};
			name = Release;
		};
		C71093B62B626BF50080C65A /* Debug */ = {
			isa = XCBuildConfiguration;
			buildSettings = {
				ALWAYS_EMBED_SWIFT_STANDARD_LIBRARIES = YES;
				BUNDLE_LOADER = "$(TEST_HOST)";
				CODE_SIGN_STYLE = Automatic;
				CURRENT_PROJECT_VERSION = 1;
				GENERATE_INFOPLIST_FILE = YES;
				IPHONEOS_DEPLOYMENT_TARGET = 16.2;
				MARKETING_VERSION = 1.0;
				PRODUCT_BUNDLE_IDENTIFIER = in.droom.SearchBarTests;
				PRODUCT_NAME = "$(TARGET_NAME)";
				SWIFT_EMIT_LOC_STRINGS = NO;
				SWIFT_VERSION = 5.0;
				TARGETED_DEVICE_FAMILY = "1,2";
				TEST_HOST = "$(BUILT_PRODUCTS_DIR)/SearchBar.app/$(BUNDLE_EXECUTABLE_FOLDER_PATH)/SearchBar";
			};
			name = Debug;
		};
		C71093B72B626BF50080C65A /* Release */ = {
			isa = XCBuildConfiguration;
			buildSettings = {
				ALWAYS_EMBED_SWIFT_STANDARD_LIBRARIES = YES;
				BUNDLE_LOADER = "$(TEST_HOST)";
				CODE_SIGN_STYLE = Automatic;
				CURRENT_PROJECT_VERSION = 1;
				GENERATE_INFOPLIST_FILE = YES;
				IPHONEOS_DEPLOYMENT_TARGET = 16.2;
				MARKETING_VERSION = 1.0;
				PRODUCT_BUNDLE_IDENTIFIER = in.droom.SearchBarTests;
				PRODUCT_NAME = "$(TARGET_NAME)";
				SWIFT_EMIT_LOC_STRINGS = NO;
				SWIFT_VERSION = 5.0;
				TARGETED_DEVICE_FAMILY = "1,2";
				TEST_HOST = "$(BUILT_PRODUCTS_DIR)/SearchBar.app/$(BUNDLE_EXECUTABLE_FOLDER_PATH)/SearchBar";
			};
			name = Release;
		};
		C71093B92B626BF50080C65A /* Debug */ = {
			isa = XCBuildConfiguration;
			buildSettings = {
				ALWAYS_EMBED_SWIFT_STANDARD_LIBRARIES = YES;
				CODE_SIGN_STYLE = Automatic;
				CURRENT_PROJECT_VERSION = 1;
				GENERATE_INFOPLIST_FILE = YES;
				MARKETING_VERSION = 1.0;
				PRODUCT_BUNDLE_IDENTIFIER = in.droom.SearchBarUITests;
				PRODUCT_NAME = "$(TARGET_NAME)";
				SWIFT_EMIT_LOC_STRINGS = NO;
				SWIFT_VERSION = 5.0;
				TARGETED_DEVICE_FAMILY = "1,2";
				TEST_TARGET_NAME = SearchBar;
			};
			name = Debug;
		};
		C71093BA2B626BF50080C65A /* Release */ = {
			isa = XCBuildConfiguration;
			buildSettings = {
				ALWAYS_EMBED_SWIFT_STANDARD_LIBRARIES = YES;
				CODE_SIGN_STYLE = Automatic;
				CURRENT_PROJECT_VERSION = 1;
				GENERATE_INFOPLIST_FILE = YES;
				MARKETING_VERSION = 1.0;
				PRODUCT_BUNDLE_IDENTIFIER = in.droom.SearchBarUITests;
				PRODUCT_NAME = "$(TARGET_NAME)";
				SWIFT_EMIT_LOC_STRINGS = NO;
				SWIFT_VERSION = 5.0;
				TARGETED_DEVICE_FAMILY = "1,2";
				TEST_TARGET_NAME = SearchBar;
			};
			name = Release;
		};
/* End XCBuildConfiguration section */

/* Begin XCConfigurationList section */
		C71093802B626BEF0080C65A /* Build configuration list for PBXProject "SearchBar" */ = {
			isa = XCConfigurationList;
			buildConfigurations = (
				C71093B02B626BF50080C65A /* Debug */,
				C71093B12B626BF50080C65A /* Release */,
			);
			defaultConfigurationIsVisible = 0;
			defaultConfigurationName = Release;
		};
		C71093B22B626BF50080C65A /* Build configuration list for PBXNativeTarget "SearchBar" */ = {
			isa = XCConfigurationList;
			buildConfigurations = (
				C71093B32B626BF50080C65A /* Debug */,
				C71093B42B626BF50080C65A /* Release */,
			);
			defaultConfigurationIsVisible = 0;
			defaultConfigurationName = Release;
		};
		C71093B52B626BF50080C65A /* Build configuration list for PBXNativeTarget "SearchBarTests" */ = {
			isa = XCConfigurationList;
			buildConfigurations = (
				C71093B62B626BF50080C65A /* Debug */,
				C71093B72B626BF50080C65A /* Release */,
			);
			defaultConfigurationIsVisible = 0;
			defaultConfigurationName = Release;
		};
		C71093B82B626BF50080C65A /* Build configuration list for PBXNativeTarget "SearchBarUITests" */ = {
			isa = XCConfigurationList;
			buildConfigurations = (
				C71093B92B626BF50080C65A /* Debug */,
				C71093BA2B626BF50080C65A /* Release */,
			);
			defaultConfigurationIsVisible = 0;
			defaultConfigurationName = Release;
		};
/* End XCConfigurationList section */

/* Begin XCVersionGroup section */
		C71093912B626BEF0080C65A /* SearchBar.xcdatamodeld */ = {
			isa = XCVersionGroup;
			children = (
				C71093922B626BEF0080C65A /* SearchBar.xcdatamodel */,
			);
			currentVersion = C71093922B626BEF0080C65A /* SearchBar.xcdatamodel */;
			path = SearchBar.xcdatamodeld;
			sourceTree = "<group>";
			versionGroupType = wrapper.xcdatamodel;
		};
/* End XCVersionGroup section */
	};
	rootObject = C710937D2B626BEF0080C65A /* Project object */;
}
