// !$*UTF8*$!
{
	archiveVersion = 1;
	classes = {
	};
	objectVersion = 56;
	objects = {

/* Begin PBXBuildFile section */
		C710941A2B6296350080C65A /* AppDelegate.swift in Sources */ = {isa = PBXBuildFile; fileRef = C71094192B6296350080C65A /* AppDelegate.swift */; };
		C710941C2B6296350080C65A /* SceneDelegate.swift in Sources */ = {isa = PBXBuildFile; fileRef = C710941B2B6296350080C65A /* SceneDelegate.swift */; };
		C710941E2B6296350080C65A /* ViewController.swift in Sources */ = {isa = PBXBuildFile; fileRef = C710941D2B6296350080C65A /* ViewController.swift */; };
		C71094212B6296350080C65A /* Main.storyboard in Resources */ = {isa = PBXBuildFile; fileRef = C710941F2B6296350080C65A /* Main.storyboard */; };
		C71094232B62963A0080C65A /* Assets.xcassets in Resources */ = {isa = PBXBuildFile; fileRef = C71094222B62963A0080C65A /* Assets.xcassets */; };
		C71094262B62963A0080C65A /* LaunchScreen.storyboard in Resources */ = {isa = PBXBuildFile; fileRef = C71094242B62963A0080C65A /* LaunchScreen.storyboard */; };
		C71094312B62963A0080C65A /* GeminiTests.swift in Sources */ = {isa = PBXBuildFile; fileRef = C71094302B62963A0080C65A /* GeminiTests.swift */; };
		C710943B2B62963A0080C65A /* GeminiUITests.swift in Sources */ = {isa = PBXBuildFile; fileRef = C710943A2B62963A0080C65A /* GeminiUITests.swift */; };
		C710943D2B62963A0080C65A /* GeminiUITestsLaunchTests.swift in Sources */ = {isa = PBXBuildFile; fileRef = C710943C2B62963A0080C65A /* GeminiUITestsLaunchTests.swift */; };
/* End PBXBuildFile section */

/* Begin PBXContainerItemProxy section */
		C710942D2B62963A0080C65A /* PBXContainerItemProxy */ = {
			isa = PBXContainerItemProxy;
			containerPortal = C710940E2B6296350080C65A /* Project object */;
			proxyType = 1;
			remoteGlobalIDString = C71094152B6296350080C65A;
			remoteInfo = Gemini;
		};
		C71094372B62963A0080C65A /* PBXContainerItemProxy */ = {
			isa = PBXContainerItemProxy;
			containerPortal = C710940E2B6296350080C65A /* Project object */;
			proxyType = 1;
			remoteGlobalIDString = C71094152B6296350080C65A;
			remoteInfo = Gemini;
		};
/* End PBXContainerItemProxy section */

/* Begin PBXFileReference section */
		C71094162B6296350080C65A /* Gemini.app */ = {isa = PBXFileReference; explicitFileType = wrapper.application; includeInIndex = 0; path = Gemini.app; sourceTree = BUILT_PRODUCTS_DIR; };
		C71094192B6296350080C65A /* AppDelegate.swift */ = {isa = PBXFileReference; lastKnownFileType = sourcecode.swift; path = AppDelegate.swift; sourceTree = "<group>"; };
		C710941B2B6296350080C65A /* SceneDelegate.swift */ = {isa = PBXFileReference; lastKnownFileType = sourcecode.swift; path = SceneDelegate.swift; sourceTree = "<group>"; };
		C710941D2B6296350080C65A /* ViewController.swift */ = {isa = PBXFileReference; lastKnownFileType = sourcecode.swift; path = ViewController.swift; sourceTree = "<group>"; };
		C71094202B6296350080C65A /* Base */ = {isa = PBXFileReference; lastKnownFileType = file.storyboard; name = Base; path = Base.lproj/Main.storyboard; sourceTree = "<group>"; };
		C71094222B62963A0080C65A /* Assets.xcassets */ = {isa = PBXFileReference; lastKnownFileType = folder.assetcatalog; path = Assets.xcassets; sourceTree = "<group>"; };
		C71094252B62963A0080C65A /* Base */ = {isa = PBXFileReference; lastKnownFileType = file.storyboard; name = Base; path = Base.lproj/LaunchScreen.storyboard; sourceTree = "<group>"; };
		C71094272B62963A0080C65A /* Info.plist */ = {isa = PBXFileReference; lastKnownFileType = text.plist.xml; path = Info.plist; sourceTree = "<group>"; };
		C710942C2B62963A0080C65A /* GeminiTests.xctest */ = {isa = PBXFileReference; explicitFileType = wrapper.cfbundle; includeInIndex = 0; path = GeminiTests.xctest; sourceTree = BUILT_PRODUCTS_DIR; };
		C71094302B62963A0080C65A /* GeminiTests.swift */ = {isa = PBXFileReference; lastKnownFileType = sourcecode.swift; path = GeminiTests.swift; sourceTree = "<group>"; };
		C71094362B62963A0080C65A /* GeminiUITests.xctest */ = {isa = PBXFileReference; explicitFileType = wrapper.cfbundle; includeInIndex = 0; path = GeminiUITests.xctest; sourceTree = BUILT_PRODUCTS_DIR; };
		C710943A2B62963A0080C65A /* GeminiUITests.swift */ = {isa = PBXFileReference; lastKnownFileType = sourcecode.swift; path = GeminiUITests.swift; sourceTree = "<group>"; };
		C710943C2B62963A0080C65A /* GeminiUITestsLaunchTests.swift */ = {isa = PBXFileReference; lastKnownFileType = sourcecode.swift; path = GeminiUITestsLaunchTests.swift; sourceTree = "<group>"; };
/* End PBXFileReference section */

/* Begin PBXFrameworksBuildPhase section */
		C71094132B6296350080C65A /* Frameworks */ = {
			isa = PBXFrameworksBuildPhase;
			buildActionMask = 2147483647;
			files = (
			);
			runOnlyForDeploymentPostprocessing = 0;
		};
		C71094292B62963A0080C65A /* Frameworks */ = {
			isa = PBXFrameworksBuildPhase;
			buildActionMask = 2147483647;
			files = (
			);
			runOnlyForDeploymentPostprocessing = 0;
		};
		C71094332B62963A0080C65A /* Frameworks */ = {
			isa = PBXFrameworksBuildPhase;
			buildActionMask = 2147483647;
			files = (
			);
			runOnlyForDeploymentPostprocessing = 0;
		};
/* End PBXFrameworksBuildPhase section */

/* Begin PBXGroup section */
		C710940D2B6296350080C65A = {
			isa = PBXGroup;
			children = (
				C71094182B6296350080C65A /* Gemini */,
				C710942F2B62963A0080C65A /* GeminiTests */,
				C71094392B62963A0080C65A /* GeminiUITests */,
				C71094172B6296350080C65A /* Products */,
			);
			sourceTree = "<group>";
		};
		C71094172B6296350080C65A /* Products */ = {
			isa = PBXGroup;
			children = (
				C71094162B6296350080C65A /* Gemini.app */,
				C710942C2B62963A0080C65A /* GeminiTests.xctest */,
				C71094362B62963A0080C65A /* GeminiUITests.xctest */,
			);
			name = Products;
			sourceTree = "<group>";
		};
		C71094182B6296350080C65A /* Gemini */ = {
			isa = PBXGroup;
			children = (
				C71094192B6296350080C65A /* AppDelegate.swift */,
				C710941B2B6296350080C65A /* SceneDelegate.swift */,
				C710941D2B6296350080C65A /* ViewController.swift */,
				C710941F2B6296350080C65A /* Main.storyboard */,
				C71094222B62963A0080C65A /* Assets.xcassets */,
				C71094242B62963A0080C65A /* LaunchScreen.storyboard */,
				C71094272B62963A0080C65A /* Info.plist */,
			);
			path = Gemini;
			sourceTree = "<group>";
		};
		C710942F2B62963A0080C65A /* GeminiTests */ = {
			isa = PBXGroup;
			children = (
				C71094302B62963A0080C65A /* GeminiTests.swift */,
			);
			path = GeminiTests;
			sourceTree = "<group>";
		};
		C71094392B62963A0080C65A /* GeminiUITests */ = {
			isa = PBXGroup;
			children = (
				C710943A2B62963A0080C65A /* GeminiUITests.swift */,
				C710943C2B62963A0080C65A /* GeminiUITestsLaunchTests.swift */,
			);
			path = GeminiUITests;
			sourceTree = "<group>";
		};
/* End PBXGroup section */

/* Begin PBXNativeTarget section */
		C71094152B6296350080C65A /* Gemini */ = {
			isa = PBXNativeTarget;
			buildConfigurationList = C71094402B62963A0080C65A /* Build configuration list for PBXNativeTarget "Gemini" */;
			buildPhases = (
				C71094122B6296350080C65A /* Sources */,
				C71094132B6296350080C65A /* Frameworks */,
				C71094142B6296350080C65A /* Resources */,
			);
			buildRules = (
			);
			dependencies = (
			);
			name = Gemini;
			productName = Gemini;
			productReference = C71094162B6296350080C65A /* Gemini.app */;
			productType = "com.apple.product-type.application";
		};
		C710942B2B62963A0080C65A /* GeminiTests */ = {
			isa = PBXNativeTarget;
			buildConfigurationList = C71094432B62963A0080C65A /* Build configuration list for PBXNativeTarget "GeminiTests" */;
			buildPhases = (
				C71094282B62963A0080C65A /* Sources */,
				C71094292B62963A0080C65A /* Frameworks */,
				C710942A2B62963A0080C65A /* Resources */,
			);
			buildRules = (
			);
			dependencies = (
				C710942E2B62963A0080C65A /* PBXTargetDependency */,
			);
			name = GeminiTests;
			productName = GeminiTests;
			productReference = C710942C2B62963A0080C65A /* GeminiTests.xctest */;
			productType = "com.apple.product-type.bundle.unit-test";
		};
		C71094352B62963A0080C65A /* GeminiUITests */ = {
			isa = PBXNativeTarget;
			buildConfigurationList = C71094462B62963A0080C65A /* Build configuration list for PBXNativeTarget "GeminiUITests" */;
			buildPhases = (
				C71094322B62963A0080C65A /* Sources */,
				C71094332B62963A0080C65A /* Frameworks */,
				C71094342B62963A0080C65A /* Resources */,
			);
			buildRules = (
			);
			dependencies = (
				C71094382B62963A0080C65A /* PBXTargetDependency */,
			);
			name = GeminiUITests;
			productName = GeminiUITests;
			productReference = C71094362B62963A0080C65A /* GeminiUITests.xctest */;
			productType = "com.apple.product-type.bundle.ui-testing";
		};
/* End PBXNativeTarget section */

/* Begin PBXProject section */
		C710940E2B6296350080C65A /* Project object */ = {
			isa = PBXProject;
			attributes = {
				BuildIndependentTargetsInParallel = 1;
				LastSwiftUpdateCheck = 1420;
				LastUpgradeCheck = 1420;
				TargetAttributes = {
					C71094152B6296350080C65A = {
						CreatedOnToolsVersion = 14.2;
					};
					C710942B2B62963A0080C65A = {
						CreatedOnToolsVersion = 14.2;
						TestTargetID = C71094152B6296350080C65A;
					};
					C71094352B62963A0080C65A = {
						CreatedOnToolsVersion = 14.2;
						TestTargetID = C71094152B6296350080C65A;
					};
				};
			};
			buildConfigurationList = C71094112B6296350080C65A /* Build configuration list for PBXProject "Gemini" */;
			compatibilityVersion = "Xcode 14.0";
			developmentRegion = en;
			hasScannedForEncodings = 0;
			knownRegions = (
				en,
				Base,
			);
			mainGroup = C710940D2B6296350080C65A;
			productRefGroup = C71094172B6296350080C65A /* Products */;
			projectDirPath = "";
			projectRoot = "";
			targets = (
				C71094152B6296350080C65A /* Gemini */,
				C710942B2B62963A0080C65A /* GeminiTests */,
				C71094352B62963A0080C65A /* GeminiUITests */,
			);
		};
/* End PBXProject section */

/* Begin PBXResourcesBuildPhase section */
		C71094142B6296350080C65A /* Resources */ = {
			isa = PBXResourcesBuildPhase;
			buildActionMask = 2147483647;
			files = (
				C71094262B62963A0080C65A /* LaunchScreen.storyboard in Resources */,
				C71094232B62963A0080C65A /* Assets.xcassets in Resources */,
				C71094212B6296350080C65A /* Main.storyboard in Resources */,
			);
			runOnlyForDeploymentPostprocessing = 0;
		};
		C710942A2B62963A0080C65A /* Resources */ = {
			isa = PBXResourcesBuildPhase;
			buildActionMask = 2147483647;
			files = (
			);
			runOnlyForDeploymentPostprocessing = 0;
		};
		C71094342B62963A0080C65A /* Resources */ = {
			isa = PBXResourcesBuildPhase;
			buildActionMask = 2147483647;
			files = (
			);
			runOnlyForDeploymentPostprocessing = 0;
		};
/* End PBXResourcesBuildPhase section */

/* Begin PBXSourcesBuildPhase section */
		C71094122B6296350080C65A /* Sources */ = {
			isa = PBXSourcesBuildPhase;
			buildActionMask = 2147483647;
			files = (
				C710941E2B6296350080C65A /* ViewController.swift in Sources */,
				C710941A2B6296350080C65A /* AppDelegate.swift in Sources */,
				C710941C2B6296350080C65A /* SceneDelegate.swift in Sources */,
			);
			runOnlyForDeploymentPostprocessing = 0;
		};
		C71094282B62963A0080C65A /* Sources */ = {
			isa = PBXSourcesBuildPhase;
			buildActionMask = 2147483647;
			files = (
				C71094312B62963A0080C65A /* GeminiTests.swift in Sources */,
			);
			runOnlyForDeploymentPostprocessing = 0;
		};
		C71094322B62963A0080C65A /* Sources */ = {
			isa = PBXSourcesBuildPhase;
			buildActionMask = 2147483647;
			files = (
				C710943B2B62963A0080C65A /* GeminiUITests.swift in Sources */,
				C710943D2B62963A0080C65A /* GeminiUITestsLaunchTests.swift in Sources */,
			);
			runOnlyForDeploymentPostprocessing = 0;
		};
/* End PBXSourcesBuildPhase section */

/* Begin PBXTargetDependency section */
		C710942E2B62963A0080C65A /* PBXTargetDependency */ = {
			isa = PBXTargetDependency;
			target = C71094152B6296350080C65A /* Gemini */;
			targetProxy = C710942D2B62963A0080C65A /* PBXContainerItemProxy */;
		};
		C71094382B62963A0080C65A /* PBXTargetDependency */ = {
			isa = PBXTargetDependency;
			target = C71094152B6296350080C65A /* Gemini */;
			targetProxy = C71094372B62963A0080C65A /* PBXContainerItemProxy */;
		};
/* End PBXTargetDependency section */

/* Begin PBXVariantGroup section */
		C710941F2B6296350080C65A /* Main.storyboard */ = {
			isa = PBXVariantGroup;
			children = (
				C71094202B6296350080C65A /* Base */,
			);
			name = Main.storyboard;
			sourceTree = "<group>";
		};
		C71094242B62963A0080C65A /* LaunchScreen.storyboard */ = {
			isa = PBXVariantGroup;
			children = (
				C71094252B62963A0080C65A /* Base */,
			);
			name = LaunchScreen.storyboard;
			sourceTree = "<group>";
		};
/* End PBXVariantGroup section */

/* Begin XCBuildConfiguration section */
		C710943E2B62963A0080C65A /* Debug */ = {
			isa = XCBuildConfiguration;
			buildSettings = {
				ALWAYS_SEARCH_USER_PATHS = NO;
				CLANG_ANALYZER_NONNULL = YES;
				CLANG_ANALYZER_NUMBER_OBJECT_CONVERSION = YES_AGGRESSIVE;
				CLANG_CXX_LANGUAGE_STANDARD = "gnu++20";
				CLANG_ENABLE_MODULES = YES;
				CLANG_ENABLE_OBJC_ARC = YES;
				CLANG_ENABLE_OBJC_WEAK = YES;
				CLANG_WARN_BLOCK_CAPTURE_AUTORELEASING = YES;
				CLANG_WARN_BOOL_CONVERSION = YES;
				CLANG_WARN_COMMA = YES;
				CLANG_WARN_CONSTANT_CONVERSION = YES;
				CLANG_WARN_DEPRECATED_OBJC_IMPLEMENTATIONS = YES;
				CLANG_WARN_DIRECT_OBJC_ISA_USAGE = YES_ERROR;
				CLANG_WARN_DOCUMENTATION_COMMENTS = YES;
				CLANG_WARN_EMPTY_BODY = YES;
				CLANG_WARN_ENUM_CONVERSION = YES;
				CLANG_WARN_INFINITE_RECURSION = YES;
				CLANG_WARN_INT_CONVERSION = YES;
				CLANG_WARN_NON_LITERAL_NULL_CONVERSION = YES;
				CLANG_WARN_OBJC_IMPLICIT_RETAIN_SELF = YES;
				CLANG_WARN_OBJC_LITERAL_CONVERSION = YES;
				CLANG_WARN_OBJC_ROOT_CLASS = YES_ERROR;
				CLANG_WARN_QUOTED_INCLUDE_IN_FRAMEWORK_HEADER = YES;
				CLANG_WARN_RANGE_LOOP_ANALYSIS = YES;
				CLANG_WARN_STRICT_PROTOTYPES = YES;
				CLANG_WARN_SUSPICIOUS_MOVE = YES;
				CLANG_WARN_UNGUARDED_AVAILABILITY = YES_AGGRESSIVE;
				CLANG_WARN_UNREACHABLE_CODE = YES;
				CLANG_WARN__DUPLICATE_METHOD_MATCH = YES;
				COPY_PHASE_STRIP = NO;
				DEBUG_INFORMATION_FORMAT = dwarf;
				ENABLE_STRICT_OBJC_MSGSEND = YES;
				ENABLE_TESTABILITY = YES;
				GCC_C_LANGUAGE_STANDARD = gnu11;
				GCC_DYNAMIC_NO_PIC = NO;
				GCC_NO_COMMON_BLOCKS = YES;
				GCC_OPTIMIZATION_LEVEL = 0;
				GCC_PREPROCESSOR_DEFINITIONS = (
					"DEBUG=1",
					"$(inherited)",
				);
				GCC_WARN_64_TO_32_BIT_CONVERSION = YES;
				GCC_WARN_ABOUT_RETURN_TYPE = YES_ERROR;
				GCC_WARN_UNDECLARED_SELECTOR = YES;
				GCC_WARN_UNINITIALIZED_AUTOS = YES_AGGRESSIVE;
				GCC_WARN_UNUSED_FUNCTION = YES;
				GCC_WARN_UNUSED_VARIABLE = YES;
				IPHONEOS_DEPLOYMENT_TARGET = 16.2;
				MTL_ENABLE_DEBUG_INFO = INCLUDE_SOURCE;
				MTL_FAST_MATH = YES;
				ONLY_ACTIVE_ARCH = YES;
				SDKROOT = iphoneos;
				SWIFT_ACTIVE_COMPILATION_CONDITIONS = DEBUG;
				SWIFT_OPTIMIZATION_LEVEL = "-Onone";
			};
			name = Debug;
		};
		C710943F2B62963A0080C65A /* Release */ = {
			isa = XCBuildConfiguration;
			buildSettings = {
				ALWAYS_SEARCH_USER_PATHS = NO;
				CLANG_ANALYZER_NONNULL = YES;
				CLANG_ANALYZER_NUMBER_OBJECT_CONVERSION = YES_AGGRESSIVE;
				CLANG_CXX_LANGUAGE_STANDARD = "gnu++20";
				CLANG_ENABLE_MODULES = YES;
				CLANG_ENABLE_OBJC_ARC = YES;
				CLANG_ENABLE_OBJC_WEAK = YES;
				CLANG_WARN_BLOCK_CAPTURE_AUTORELEASING = YES;
				CLANG_WARN_BOOL_CONVERSION = YES;
				CLANG_WARN_COMMA = YES;
				CLANG_WARN_CONSTANT_CONVERSION = YES;
				CLANG_WARN_DEPRECATED_OBJC_IMPLEMENTATIONS = YES;
				CLANG_WARN_DIRECT_OBJC_ISA_USAGE = YES_ERROR;
				CLANG_WARN_DOCUMENTATION_COMMENTS = YES;
				CLANG_WARN_EMPTY_BODY = YES;
				CLANG_WARN_ENUM_CONVERSION = YES;
				CLANG_WARN_INFINITE_RECURSION = YES;
				CLANG_WARN_INT_CONVERSION = YES;
				CLANG_WARN_NON_LITERAL_NULL_CONVERSION = YES;
				CLANG_WARN_OBJC_IMPLICIT_RETAIN_SELF = YES;
				CLANG_WARN_OBJC_LITERAL_CONVERSION = YES;
				CLANG_WARN_OBJC_ROOT_CLASS = YES_ERROR;
				CLANG_WARN_QUOTED_INCLUDE_IN_FRAMEWORK_HEADER = YES;
				CLANG_WARN_RANGE_LOOP_ANALYSIS = YES;
				CLANG_WARN_STRICT_PROTOTYPES = YES;
				CLANG_WARN_SUSPICIOUS_MOVE = YES;
				CLANG_WARN_UNGUARDED_AVAILABILITY = YES_AGGRESSIVE;
				CLANG_WARN_UNREACHABLE_CODE = YES;
				CLANG_WARN__DUPLICATE_METHOD_MATCH = YES;
				COPY_PHASE_STRIP = NO;
				DEBUG_INFORMATION_FORMAT = "dwarf-with-dsym";
				ENABLE_NS_ASSERTIONS = NO;
				ENABLE_STRICT_OBJC_MSGSEND = YES;
				GCC_C_LANGUAGE_STANDARD = gnu11;
				GCC_NO_COMMON_BLOCKS = YES;
				GCC_WARN_64_TO_32_BIT_CONVERSION = YES;
				GCC_WARN_ABOUT_RETURN_TYPE = YES_ERROR;
				GCC_WARN_UNDECLARED_SELECTOR = YES;
				GCC_WARN_UNINITIALIZED_AUTOS = YES_AGGRESSIVE;
				GCC_WARN_UNUSED_FUNCTION = YES;
				GCC_WARN_UNUSED_VARIABLE = YES;
				IPHONEOS_DEPLOYMENT_TARGET = 16.2;
				MTL_ENABLE_DEBUG_INFO = NO;
				MTL_FAST_MATH = YES;
				SDKROOT = iphoneos;
				SWIFT_COMPILATION_MODE = wholemodule;
				SWIFT_OPTIMIZATION_LEVEL = "-O";
				VALIDATE_PRODUCT = YES;
			};
			name = Release;
		};
		C71094412B62963A0080C65A /* Debug */ = {
			isa = XCBuildConfiguration;
			buildSettings = {
				ASSETCATALOG_COMPILER_APPICON_NAME = AppIcon;
				ASSETCATALOG_COMPILER_GLOBAL_ACCENT_COLOR_NAME = AccentColor;
				CODE_SIGN_STYLE = Automatic;
				CURRENT_PROJECT_VERSION = 1;
				GENERATE_INFOPLIST_FILE = YES;
				INFOPLIST_FILE = Gemini/Info.plist;
				INFOPLIST_KEY_UIApplicationSupportsIndirectInputEvents = YES;
				INFOPLIST_KEY_UILaunchStoryboardName = LaunchScreen;
				INFOPLIST_KEY_UIMainStoryboardFile = Main;
				INFOPLIST_KEY_UISupportedInterfaceOrientations_iPad = "UIInterfaceOrientationPortrait UIInterfaceOrientationPortraitUpsideDown UIInterfaceOrientationLandscapeLeft UIInterfaceOrientationLandscapeRight";
				INFOPLIST_KEY_UISupportedInterfaceOrientations_iPhone = "UIInterfaceOrientationPortrait UIInterfaceOrientationLandscapeLeft UIInterfaceOrientationLandscapeRight";
				LD_RUNPATH_SEARCH_PATHS = (
					"$(inherited)",
					"@executable_path/Frameworks",
				);
				MARKETING_VERSION = 1.0;
				PRODUCT_BUNDLE_IDENTIFIER = in.droom.Gemini;
				PRODUCT_NAME = "$(TARGET_NAME)";
				SWIFT_EMIT_LOC_STRINGS = YES;
				SWIFT_VERSION = 5.0;
				TARGETED_DEVICE_FAMILY = "1,2";
			};
			name = Debug;
		};
		C71094422B62963A0080C65A /* Release */ = {
			isa = XCBuildConfiguration;
			buildSettings = {
				ASSETCATALOG_COMPILER_APPICON_NAME = AppIcon;
				ASSETCATALOG_COMPILER_GLOBAL_ACCENT_COLOR_NAME = AccentColor;
				CODE_SIGN_STYLE = Automatic;
				CURRENT_PROJECT_VERSION = 1;
				GENERATE_INFOPLIST_FILE = YES;
				INFOPLIST_FILE = Gemini/Info.plist;
				INFOPLIST_KEY_UIApplicationSupportsIndirectInputEvents = YES;
				INFOPLIST_KEY_UILaunchStoryboardName = LaunchScreen;
				INFOPLIST_KEY_UIMainStoryboardFile = Main;
				INFOPLIST_KEY_UISupportedInterfaceOrientations_iPad = "UIInterfaceOrientationPortrait UIInterfaceOrientationPortraitUpsideDown UIInterfaceOrientationLandscapeLeft UIInterfaceOrientationLandscapeRight";
				INFOPLIST_KEY_UISupportedInterfaceOrientations_iPhone = "UIInterfaceOrientationPortrait UIInterfaceOrientationLandscapeLeft UIInterfaceOrientationLandscapeRight";
				LD_RUNPATH_SEARCH_PATHS = (
					"$(inherited)",
					"@executable_path/Frameworks",
				);
				MARKETING_VERSION = 1.0;
				PRODUCT_BUNDLE_IDENTIFIER = in.droom.Gemini;
				PRODUCT_NAME = "$(TARGET_NAME)";
				SWIFT_EMIT_LOC_STRINGS = YES;
				SWIFT_VERSION = 5.0;
				TARGETED_DEVICE_FAMILY = "1,2";
			};
			name = Release;
		};
		C71094442B62963A0080C65A /* Debug */ = {
			isa = XCBuildConfiguration;
			buildSettings = {
				ALWAYS_EMBED_SWIFT_STANDARD_LIBRARIES = YES;
				BUNDLE_LOADER = "$(TEST_HOST)";
				CODE_SIGN_STYLE = Automatic;
				CURRENT_PROJECT_VERSION = 1;
				GENERATE_INFOPLIST_FILE = YES;
				IPHONEOS_DEPLOYMENT_TARGET = 16.2;
				MARKETING_VERSION = 1.0;
				PRODUCT_BUNDLE_IDENTIFIER = in.droom.GeminiTests;
				PRODUCT_NAME = "$(TARGET_NAME)";
				SWIFT_EMIT_LOC_STRINGS = NO;
				SWIFT_VERSION = 5.0;
				TARGETED_DEVICE_FAMILY = "1,2";
				TEST_HOST = "$(BUILT_PRODUCTS_DIR)/Gemini.app/$(BUNDLE_EXECUTABLE_FOLDER_PATH)/Gemini";
			};
			name = Debug;
		};
		C71094452B62963A0080C65A /* Release */ = {
			isa = XCBuildConfiguration;
			buildSettings = {
				ALWAYS_EMBED_SWIFT_STANDARD_LIBRARIES = YES;
				BUNDLE_LOADER = "$(TEST_HOST)";
				CODE_SIGN_STYLE = Automatic;
				CURRENT_PROJECT_VERSION = 1;
				GENERATE_INFOPLIST_FILE = YES;
				IPHONEOS_DEPLOYMENT_TARGET = 16.2;
				MARKETING_VERSION = 1.0;
				PRODUCT_BUNDLE_IDENTIFIER = in.droom.GeminiTests;
				PRODUCT_NAME = "$(TARGET_NAME)";
				SWIFT_EMIT_LOC_STRINGS = NO;
				SWIFT_VERSION = 5.0;
				TARGETED_DEVICE_FAMILY = "1,2";
				TEST_HOST = "$(BUILT_PRODUCTS_DIR)/Gemini.app/$(BUNDLE_EXECUTABLE_FOLDER_PATH)/Gemini";
			};
			name = Release;
		};
		C71094472B62963A0080C65A /* Debug */ = {
			isa = XCBuildConfiguration;
			buildSettings = {
				ALWAYS_EMBED_SWIFT_STANDARD_LIBRARIES = YES;
				CODE_SIGN_STYLE = Automatic;
				CURRENT_PROJECT_VERSION = 1;
				GENERATE_INFOPLIST_FILE = YES;
				MARKETING_VERSION = 1.0;
				PRODUCT_BUNDLE_IDENTIFIER = in.droom.GeminiUITests;
				PRODUCT_NAME = "$(TARGET_NAME)";
				SWIFT_EMIT_LOC_STRINGS = NO;
				SWIFT_VERSION = 5.0;
				TARGETED_DEVICE_FAMILY = "1,2";
				TEST_TARGET_NAME = Gemini;
			};
			name = Debug;
		};
		C71094482B62963A0080C65A /* Release */ = {
			isa = XCBuildConfiguration;
			buildSettings = {
				ALWAYS_EMBED_SWIFT_STANDARD_LIBRARIES = YES;
				CODE_SIGN_STYLE = Automatic;
				CURRENT_PROJECT_VERSION = 1;
				GENERATE_INFOPLIST_FILE = YES;
				MARKETING_VERSION = 1.0;
				PRODUCT_BUNDLE_IDENTIFIER = in.droom.GeminiUITests;
				PRODUCT_NAME = "$(TARGET_NAME)";
				SWIFT_EMIT_LOC_STRINGS = NO;
				SWIFT_VERSION = 5.0;
				TARGETED_DEVICE_FAMILY = "1,2";
				TEST_TARGET_NAME = Gemini;
			};
			name = Release;
		};
/* End XCBuildConfiguration section */

/* Begin XCConfigurationList section */
		C71094112B6296350080C65A /* Build configuration list for PBXProject "Gemini" */ = {
			isa = XCConfigurationList;
			buildConfigurations = (
				C710943E2B62963A0080C65A /* Debug */,
				C710943F2B62963A0080C65A /* Release */,
			);
			defaultConfigurationIsVisible = 0;
			defaultConfigurationName = Release;
		};
		C71094402B62963A0080C65A /* Build configuration list for PBXNativeTarget "Gemini" */ = {
			isa = XCConfigurationList;
			buildConfigurations = (
				C71094412B62963A0080C65A /* Debug */,
				C71094422B62963A0080C65A /* Release */,
			);
			defaultConfigurationIsVisible = 0;
			defaultConfigurationName = Release;
		};
		C71094432B62963A0080C65A /* Build configuration list for PBXNativeTarget "GeminiTests" */ = {
			isa = XCConfigurationList;
			buildConfigurations = (
				C71094442B62963A0080C65A /* Debug */,
				C71094452B62963A0080C65A /* Release */,
			);
			defaultConfigurationIsVisible = 0;
			defaultConfigurationName = Release;
		};
		C71094462B62963A0080C65A /* Build configuration list for PBXNativeTarget "GeminiUITests" */ = {
			isa = XCConfigurationList;
			buildConfigurations = (
				C71094472B62963A0080C65A /* Debug */,
				C71094482B62963A0080C65A /* Release */,
			);
			defaultConfigurationIsVisible = 0;
			defaultConfigurationName = Release;
		};
/* End XCConfigurationList section */
	};
	rootObject = C710940E2B6296350080C65A /* Project object */;
}
